
Microsoft Visual Studio Solution File, Format Version 12.00
# Visual Studio 15
VisualStudioVersion = 15.0.28010.2046
MinimumVisualStudioVersion = 10.0.40219.1
Project("{FAE04EC0-301F-11D3-BF4B-00C04F79EFBC}") = "Classes And Objects", "Classes And Objects\Classes And Objects.csproj", "{A62450EE-D871-442F-BACC-92773A959F84}"
EndProject
Global
	GlobalSection(SolutionConfigurationPlatforms) = preSolution
		Debug|Any CPU = Debug|Any CPU
		Release|Any CPU = Release|Any CPU
	EndGlobalSection
	GlobalSection(ProjectConfigurationPlatforms) = postSolution
		{A62450EE-D871-442F-BACC-92773A959F84}.Debug|Any CPU.ActiveCfg = Debug|Any CPU
		{A62450EE-D871-442F-BACC-92773A959F84}.Debug|Any CPU.Build.0 = Debug|Any CPU
		{A62450EE-D871-442F-BACC-92773A959F84}.Release|Any CPU.ActiveCfg = Release|Any CPU
		{A62450EE-D871-442F-BACC-92773A959F84}.Release|Any CPU.Build.0 = Release|Any CPU
	EndGlobalSection
	GlobalSection(SolutionProperties) = preSolution
		HideSolutionNode = FALSE
	EndGlobalSection
	GlobalSection(ExtensibilityGlobals) = postSolution
		SolutionGuid = {BE260416-D094-424B-A73B-536412D0EBF0}
	EndGlobalSection
EndGlobal
